
Microsoft Visual Studio Solution File, Format Version 12.00
# Visual Studio Version 17
VisualStudioVersion = 17.6.33723.286
MinimumVisualStudioVersion = 10.0.40219.1
Project("{FAE04EC0-301F-11D3-BF4B-00C04F79EFBC}") = "Automation_System", "Automation_System.csproj", "{F8D90BF3-90B4-4023-86F0-91E8EA442F29}"
EndProject
Global
	GlobalSection(SolutionConfigurationPlatforms) = preSolution
		Debug|Any CPU = Debug|Any CPU
		Release|Any CPU = Release|Any CPU
	EndGlobalSection
	GlobalSection(ProjectConfigurationPlatforms) = postSolution
		{F8D90BF3-90B4-4023-86F0-91E8EA442F29}.Debug|Any CPU.ActiveCfg = Debug|Any CPU
		{F8D90BF3-90B4-4023-86F0-91E8EA442F29}.Debug|Any CPU.Build.0 = Debug|Any CPU
		{F8D90BF3-90B4-4023-86F0-91E8EA442F29}.Release|Any CPU.ActiveCfg = Release|Any CPU
		{F8D90BF3-90B4-4023-86F0-91E8EA442F29}.Release|Any CPU.Build.0 = Release|Any CPU
	EndGlobalSection
	GlobalSection(SolutionProperties) = preSolution
		HideSolutionNode = FALSE
	EndGlobalSection
	GlobalSection(ExtensibilityGlobals) = postSolution
		SolutionGuid = {B35AC0B9-5ABB-4F47-831F-866B910D2A52}
	EndGlobalSection
EndGlobal
